
Microsoft Visual Studio Solution File, Format Version 12.00
# Visual Studio Version 16
VisualStudioVersion = 16.0.29509.3
MinimumVisualStudioVersion = 10.0.40219.1
Project("{FAE04EC0-301F-11D3-BF4B-00C04F79EFBC}") = "8_sem_seti_lab1", "8_sem_seti_lab1\8_sem_seti_lab1.csproj", "{1FB90B7A-C88E-4E81-8BAF-A2A820573638}"
EndProject
Global
	GlobalSection(SolutionConfigurationPlatforms) = preSolution
		Debug|Any CPU = Debug|Any CPU
		Release|Any CPU = Release|Any CPU
	EndGlobalSection
	GlobalSection(ProjectConfigurationPlatforms) = postSolution
		{1FB90B7A-C88E-4E81-8BAF-A2A820573638}.Debug|Any CPU.ActiveCfg = Debug|Any CPU
		{1FB90B7A-C88E-4E81-8BAF-A2A820573638}.Debug|Any CPU.Build.0 = Debug|Any CPU
		{1FB90B7A-C88E-4E81-8BAF-A2A820573638}.Release|Any CPU.ActiveCfg = Release|Any CPU
		{1FB90B7A-C88E-4E81-8BAF-A2A820573638}.Release|Any CPU.Build.0 = Release|Any CPU
	EndGlobalSection
	GlobalSection(SolutionProperties) = preSolution
		HideSolutionNode = FALSE
	EndGlobalSection
	GlobalSection(ExtensibilityGlobals) = postSolution
		SolutionGuid = {9B9284E7-7D86-4DCD-B951-5DC2E94ADD70}
	EndGlobalSection
EndGlobal
